
Microsoft Visual Studio Solution File, Format Version 12.00
# Visual Studio Version 17
VisualStudioVersion = 17.11.35208.52
MinimumVisualStudioVersion = 10.0.40219.1
Project("{FAE04EC0-301F-11D3-BF4B-00C04F79EFBC}") = "StudentAPI-ASPNet", "StudentAPI-ASPNet.csproj", "{7C39821B-3D06-4B1E-87B9-55ED644B2D2A}"
EndProject
Global
	GlobalSection(SolutionConfigurationPlatforms) = preSolution
		Debug|Any CPU = Debug|Any CPU
		Release|Any CPU = Release|Any CPU
	EndGlobalSection
	GlobalSection(ProjectConfigurationPlatforms) = postSolution
		{7C39821B-3D06-4B1E-87B9-55ED644B2D2A}.Debug|Any CPU.ActiveCfg = Debug|Any CPU
		{7C39821B-3D06-4B1E-87B9-55ED644B2D2A}.Debug|Any CPU.Build.0 = Debug|Any CPU
		{7C39821B-3D06-4B1E-87B9-55ED644B2D2A}.Release|Any CPU.ActiveCfg = Release|Any CPU
		{7C39821B-3D06-4B1E-87B9-55ED644B2D2A}.Release|Any CPU.Build.0 = Release|Any CPU
	EndGlobalSection
	GlobalSection(SolutionProperties) = preSolution
		HideSolutionNode = FALSE
	EndGlobalSection
	GlobalSection(ExtensibilityGlobals) = postSolution
		SolutionGuid = {0319012B-33A1-4444-8DB0-BAEBE8DEBA9F}
	EndGlobalSection
EndGlobal
